// !$*UTF8*$!
{
	archiveVersion = 1;
	classes = {
	};
	objectVersion = 46;
	objects = {

/* Begin PBXBuildFile section */
		D30FB1381ABE5D2000167B17 /* AppDelegate.swift in Sources */ = {isa = PBXBuildFile; fileRef = D30FB1371ABE5D2000167B17 /* AppDelegate.swift */; };
		D30FB13A1ABE5D2000167B17 /* FirstViewController.swift in Sources */ = {isa = PBXBuildFile; fileRef = D30FB1391ABE5D2000167B17 /* FirstViewController.swift */; };
		D30FB13C1ABE5D2000167B17 /* SecondViewController.swift in Sources */ = {isa = PBXBuildFile; fileRef = D30FB13B1ABE5D2000167B17 /* SecondViewController.swift */; };
		D30FB13F1ABE5D2000167B17 /* Main.storyboard in Resources */ = {isa = PBXBuildFile; fileRef = D30FB13D1ABE5D2000167B17 /* Main.storyboard */; };
		D30FB1411ABE5D2000167B17 /* Images.xcassets in Resources */ = {isa = PBXBuildFile; fileRef = D30FB1401ABE5D2000167B17 /* Images.xcassets */; };
		D30FB1441ABE5D2000167B17 /* LaunchScreen.xib in Resources */ = {isa = PBXBuildFile; fileRef = D30FB1421ABE5D2000167B17 /* LaunchScreen.xib */; };
		D30FB1501ABE5D2000167B17 /* Innovative_CalculatorTests.swift in Sources */ = {isa = PBXBuildFile; fileRef = D30FB14F1ABE5D2000167B17 /* Innovative_CalculatorTests.swift */; };
/* End PBXBuildFile section */

/* Begin PBXContainerItemProxy section */
		D30FB14A1ABE5D2000167B17 /* PBXContainerItemProxy */ = {
			isa = PBXContainerItemProxy;
			containerPortal = D30FB12A1ABE5D2000167B17 /* Project object */;
			proxyType = 1;
			remoteGlobalIDString = D30FB1311ABE5D2000167B17;
			remoteInfo = "Innovative Calculator";
		};
/* End PBXContainerItemProxy section */

/* Begin PBXFileReference section */
		D30FB1321ABE5D2000167B17 /* Innovative Calculator.app */ = {isa = PBXFileReference; explicitFileType = wrapper.application; includeInIndex = 0; path = "Innovative Calculator.app"; sourceTree = BUILT_PRODUCTS_DIR; };
		D30FB1361ABE5D2000167B17 /* Info.plist */ = {isa = PBXFileReference; lastKnownFileType = text.plist.xml; path = Info.plist; sourceTree = "<group>"; };
		D30FB1371ABE5D2000167B17 /* AppDelegate.swift */ = {isa = PBXFileReference; lastKnownFileType = sourcecode.swift; path = AppDelegate.swift; sourceTree = "<group>"; };
		D30FB1391ABE5D2000167B17 /* FirstViewController.swift */ = {isa = PBXFileReference; lastKnownFileType = sourcecode.swift; path = FirstViewController.swift; sourceTree = "<group>"; };
		D30FB13B1ABE5D2000167B17 /* SecondViewController.swift */ = {isa = PBXFileReference; lastKnownFileType = sourcecode.swift; path = SecondViewController.swift; sourceTree = "<group>"; };
		D30FB13E1ABE5D2000167B17 /* Base */ = {isa = PBXFileReference; lastKnownFileType = file.storyboard; name = Base; path = Base.lproj/Main.storyboard; sourceTree = "<group>"; };
		D30FB1401ABE5D2000167B17 /* Images.xcassets */ = {isa = PBXFileReference; lastKnownFileType = folder.assetcatalog; path = Images.xcassets; sourceTree = "<group>"; };
		D30FB1431ABE5D2000167B17 /* Base */ = {isa = PBXFileReference; lastKnownFileType = file.xib; name = Base; path = Base.lproj/LaunchScreen.xib; sourceTree = "<group>"; };
		D30FB1491ABE5D2000167B17 /* Innovative CalculatorTests.xctest */ = {isa = PBXFileReference; explicitFileType = wrapper.cfbundle; includeInIndex = 0; path = "Innovative CalculatorTests.xctest"; sourceTree = BUILT_PRODUCTS_DIR; };
		D30FB14E1ABE5D2000167B17 /* Info.plist */ = {isa = PBXFileReference; lastKnownFileType = text.plist.xml; path = Info.plist; sourceTree = "<group>"; };
		D30FB14F1ABE5D2000167B17 /* Innovative_CalculatorTests.swift */ = {isa = PBXFileReference; lastKnownFileType = sourcecode.swift; path = Innovative_CalculatorTests.swift; sourceTree = "<group>"; };
/* End PBXFileReference section */

/* Begin PBXFrameworksBuildPhase section */
		D30FB12F1ABE5D2000167B17 /* Frameworks */ = {
			isa = PBXFrameworksBuildPhase;
			buildActionMask = 2147483647;
			files = (
			);
			runOnlyForDeploymentPostprocessing = 0;
		};
		D30FB1461ABE5D2000167B17 /* Frameworks */ = {
			isa = PBXFrameworksBuildPhase;
			buildActionMask = 2147483647;
			files = (
			);
			runOnlyForDeploymentPostprocessing = 0;
		};
/* End PBXFrameworksBuildPhase section */

/* Begin PBXGroup section */
		D30FB1291ABE5D2000167B17 = {
			isa = PBXGroup;
			children = (
				D30FB1341ABE5D2000167B17 /* Innovative Calculator */,
				D30FB14C1ABE5D2000167B17 /* Innovative CalculatorTests */,
				D30FB1331ABE5D2000167B17 /* Products */,
			);
			sourceTree = "<group>";
		};
		D30FB1331ABE5D2000167B17 /* Products */ = {
			isa = PBXGroup;
			children = (
				D30FB1321ABE5D2000167B17 /* Innovative Calculator.app */,
				D30FB1491ABE5D2000167B17 /* Innovative CalculatorTests.xctest */,
			);
			name = Products;
			sourceTree = "<group>";
		};
		D30FB1341ABE5D2000167B17 /* Innovative Calculator */ = {
			isa = PBXGroup;
			children = (
				D30FB1371ABE5D2000167B17 /* AppDelegate.swift */,
				D30FB1391ABE5D2000167B17 /* FirstViewController.swift */,
				D30FB13B1ABE5D2000167B17 /* SecondViewController.swift */,
				D30FB13D1ABE5D2000167B17 /* Main.storyboard */,
				D30FB1401ABE5D2000167B17 /* Images.xcassets */,
				D30FB1421ABE5D2000167B17 /* LaunchScreen.xib */,
				D30FB1351ABE5D2000167B17 /* Supporting Files */,
			);
			path = "Innovative Calculator";
			sourceTree = "<group>";
		};
		D30FB1351ABE5D2000167B17 /* Supporting Files */ = {
			isa = PBXGroup;
			children = (
				D30FB1361ABE5D2000167B17 /* Info.plist */,
			);
			name = "Supporting Files";
			sourceTree = "<group>";
		};
		D30FB14C1ABE5D2000167B17 /* Innovative CalculatorTests */ = {
			isa = PBXGroup;
			children = (
				D30FB14F1ABE5D2000167B17 /* Innovative_CalculatorTests.swift */,
				D30FB14D1ABE5D2000167B17 /* Supporting Files */,
			);
			path = "Innovative CalculatorTests";
			sourceTree = "<group>";
		};
		D30FB14D1ABE5D2000167B17 /* Supporting Files */ = {
			isa = PBXGroup;
			children = (
				D30FB14E1ABE5D2000167B17 /* Info.plist */,
			);
			name = "Supporting Files";
			sourceTree = "<group>";
		};
/* End PBXGroup section */

/* Begin PBXNativeTarget section */
		D30FB1311ABE5D2000167B17 /* Innovative Calculator */ = {
			isa = PBXNativeTarget;
			buildConfigurationList = D30FB1531ABE5D2000167B17 /* Build configuration list for PBXNativeTarget "Innovative Calculator" */;
			buildPhases = (
				D30FB12E1ABE5D2000167B17 /* Sources */,
				D30FB12F1ABE5D2000167B17 /* Frameworks */,
				D30FB1301ABE5D2000167B17 /* Resources */,
			);
			buildRules = (
			);
			dependencies = (
			);
			name = "Innovative Calculator";
			productName = "Innovative Calculator";
			productReference = D30FB1321ABE5D2000167B17 /* Innovative Calculator.app */;
			productType = "com.apple.product-type.application";
		};
		D30FB1481ABE5D2000167B17 /* Innovative CalculatorTests */ = {
			isa = PBXNativeTarget;
			buildConfigurationList = D30FB1561ABE5D2000167B17 /* Build configuration list for PBXNativeTarget "Innovative CalculatorTests" */;
			buildPhases = (
				D30FB1451ABE5D2000167B17 /* Sources */,
				D30FB1461ABE5D2000167B17 /* Frameworks */,
				D30FB1471ABE5D2000167B17 /* Resources */,
			);
			buildRules = (
			);
			dependencies = (
				D30FB14B1ABE5D2000167B17 /* PBXTargetDependency */,
			);
			name = "Innovative CalculatorTests";
			productName = "Innovative CalculatorTests";
			productReference = D30FB1491ABE5D2000167B17 /* Innovative CalculatorTests.xctest */;
			productType = "com.apple.product-type.bundle.unit-test";
		};
/* End PBXNativeTarget section */

/* Begin PBXProject section */
		D30FB12A1ABE5D2000167B17 /* Project object */ = {
			isa = PBXProject;
			attributes = {
				LastUpgradeCheck = 0610;
				ORGANIZATIONNAME = "Saroj Rout";
				TargetAttributes = {
					D30FB1311ABE5D2000167B17 = {
						CreatedOnToolsVersion = 6.1.1;
					};
					D30FB1481ABE5D2000167B17 = {
						CreatedOnToolsVersion = 6.1.1;
						TestTargetID = D30FB1311ABE5D2000167B17;
					};
				};
			};
			buildConfigurationList = D30FB12D1ABE5D2000167B17 /* Build configuration list for PBXProject "Innovative Calculator" */;
			compatibilityVersion = "Xcode 3.2";
			developmentRegion = English;
			hasScannedForEncodings = 0;
			knownRegions = (
				en,
				Base,
			);
			mainGroup = D30FB1291ABE5D2000167B17;
			productRefGroup = D30FB1331ABE5D2000167B17 /* Products */;
			projectDirPath = "";
			projectRoot = "";
			targets = (
				D30FB1311ABE5D2000167B17 /* Innovative Calculator */,
				D30FB1481ABE5D2000167B17 /* Innovative CalculatorTests */,
			);
		};
/* End PBXProject section */

/* Begin PBXResourcesBuildPhase section */
		D30FB1301ABE5D2000167B17 /* Resources */ = {
			isa = PBXResourcesBuildPhase;
			buildActionMask = 2147483647;
			files = (
				D30FB13F1ABE5D2000167B17 /* Main.storyboard in Resources */,
				D30FB1441ABE5D2000167B17 /* LaunchScreen.xib in Resources */,
				D30FB1411ABE5D2000167B17 /* Images.xcassets in Resources */,
			);
			runOnlyForDeploymentPostprocessing = 0;
		};
		D30FB1471ABE5D2000167B17 /* Resources */ = {
			isa = PBXResourcesBuildPhase;
			buildActionMask = 2147483647;
			files = (
			);
			runOnlyForDeploymentPostprocessing = 0;
		};
/* End PBXResourcesBuildPhase section */

/* Begin PBXSourcesBuildPhase section */
		D30FB12E1ABE5D2000167B17 /* Sources */ = {
			isa = PBXSourcesBuildPhase;
			buildActionMask = 2147483647;
			files = (
				D30FB13C1ABE5D2000167B17 /* SecondViewController.swift in Sources */,
				D30FB1381ABE5D2000167B17 /* AppDelegate.swift in Sources */,
				D30FB13A1ABE5D2000167B17 /* FirstViewController.swift in Sources */,
			);
			runOnlyForDeploymentPostprocessing = 0;
		};
		D30FB1451ABE5D2000167B17 /* Sources */ = {
			isa = PBXSourcesBuildPhase;
			buildActionMask = 2147483647;
			files = (
				D30FB1501ABE5D2000167B17 /* Innovative_CalculatorTests.swift in Sources */,
			);
			runOnlyForDeploymentPostprocessing = 0;
		};
/* End PBXSourcesBuildPhase section */

/* Begin PBXTargetDependency section */
		D30FB14B1ABE5D2000167B17 /* PBXTargetDependency */ = {
			isa = PBXTargetDependency;
			target = D30FB1311ABE5D2000167B17 /* Innovative Calculator */;
			targetProxy = D30FB14A1ABE5D2000167B17 /* PBXContainerItemProxy */;
		};
/* End PBXTargetDependency section */

/* Begin PBXVariantGroup section */
		D30FB13D1ABE5D2000167B17 /* Main.storyboard */ = {
			isa = PBXVariantGroup;
			children = (
				D30FB13E1ABE5D2000167B17 /* Base */,
			);
			name = Main.storyboard;
			sourceTree = "<group>";
		};
		D30FB1421ABE5D2000167B17 /* LaunchScreen.xib */ = {
			isa = PBXVariantGroup;
			children = (
				D30FB1431ABE5D2000167B17 /* Base */,
			);
			name = LaunchScreen.xib;
			sourceTree = "<group>";
		};
/* End PBXVariantGroup section */

/* Begin XCBuildConfiguration section */
		D30FB1511ABE5D2000167B17 /* Debug */ = {
			isa = XCBuildConfiguration;
			buildSettings = {
				ALWAYS_SEARCH_USER_PATHS = NO;
				CLANG_CXX_LANGUAGE_STANDARD = "gnu++0x";
				CLANG_CXX_LIBRARY = "libc++";
				CLANG_ENABLE_MODULES = YES;
				CLANG_ENABLE_OBJC_ARC = YES;
				CLANG_WARN_BOOL_CONVERSION = YES;
				CLANG_WARN_CONSTANT_CONVERSION = YES;
				CLANG_WARN_DIRECT_OBJC_ISA_USAGE = YES_ERROR;
				CLANG_WARN_EMPTY_BODY = YES;
				CLANG_WARN_ENUM_CONVERSION = YES;
				CLANG_WARN_INT_CONVERSION = YES;
				CLANG_WARN_OBJC_ROOT_CLASS = YES_ERROR;
				CLANG_WARN_UNREACHABLE_CODE = YES;
				CLANG_WARN__DUPLICATE_METHOD_MATCH = YES;
				"CODE_SIGN_IDENTITY[sdk=iphoneos*]" = "iPhone Developer";
				COPY_PHASE_STRIP = NO;
				ENABLE_STRICT_OBJC_MSGSEND = YES;
				GCC_C_LANGUAGE_STANDARD = gnu99;
				GCC_DYNAMIC_NO_PIC = NO;
				GCC_OPTIMIZATION_LEVEL = 0;
				GCC_PREPROCESSOR_DEFINITIONS = (
					"DEBUG=1",
					"$(inherited)",
				);
				GCC_SYMBOLS_PRIVATE_EXTERN = NO;
				GCC_WARN_64_TO_32_BIT_CONVERSION = YES;
				GCC_WARN_ABOUT_RETURN_TYPE = YES_ERROR;
				GCC_WARN_UNDECLARED_SELECTOR = YES;
				GCC_WARN_UNINITIALIZED_AUTOS = YES_AGGRESSIVE;
				GCC_WARN_UNUSED_FUNCTION = YES;
				GCC_WARN_UNUSED_VARIABLE = YES;
				IPHONEOS_DEPLOYMENT_TARGET = 8.1;
				MTL_ENABLE_DEBUG_INFO = YES;
				ONLY_ACTIVE_ARCH = YES;
				SDKROOT = iphoneos;
				SWIFT_OPTIMIZATION_LEVEL = "-Onone";
			};
			name = Debug;
		};
		D30FB1521ABE5D2000167B17 /* Release */ = {
			isa = XCBuildConfiguration;
			buildSettings = {
				ALWAYS_SEARCH_USER_PATHS = NO;
				CLANG_CXX_LANGUAGE_STANDARD = "gnu++0x";
				CLANG_CXX_LIBRARY = "libc++";
				CLANG_ENABLE_MODULES = YES;
				CLANG_ENABLE_OBJC_ARC = YES;
				CLANG_WARN_BOOL_CONVERSION = YES;
				CLANG_WARN_CONSTANT_CONVERSION = YES;
				CLANG_WARN_DIRECT_OBJC_ISA_USAGE = YES_ERROR;
				CLANG_WARN_EMPTY_BODY = YES;
				CLANG_WARN_ENUM_CONVERSION = YES;
				CLANG_WARN_INT_CONVERSION = YES;
				CLANG_WARN_OBJC_ROOT_CLASS = YES_ERROR;
				CLANG_WARN_UNREACHABLE_CODE = YES;
				CLANG_WARN__DUPLICATE_METHOD_MATCH = YES;
				"CODE_SIGN_IDENTITY[sdk=iphoneos*]" = "iPhone Developer";
				COPY_PHASE_STRIP = YES;
				ENABLE_NS_ASSERTIONS = NO;
				ENABLE_STRICT_OBJC_MSGSEND = YES;
				GCC_C_LANGUAGE_STANDARD = gnu99;
				GCC_WARN_64_TO_32_BIT_CONVERSION = YES;
				GCC_WARN_ABOUT_RETURN_TYPE = YES_ERROR;
				GCC_WARN_UNDECLARED_SELECTOR = YES;
				GCC_WARN_UNINITIALIZED_AUTOS = YES_AGGRESSIVE;
				GCC_WARN_UNUSED_FUNCTION = YES;
				GCC_WARN_UNUSED_VARIABLE = YES;
				IPHONEOS_DEPLOYMENT_TARGET = 8.1;
				MTL_ENABLE_DEBUG_INFO = NO;
				SDKROOT = iphoneos;
				VALIDATE_PRODUCT = YES;
			};
			name = Release;
		};
		D30FB1541ABE5D2000167B17 /* Debug */ = {
			isa = XCBuildConfiguration;
			buildSettings = {
				ASSETCATALOG_COMPILER_APPICON_NAME = AppIcon;
				INFOPLIST_FILE = "Innovative Calculator/Info.plist";
				LD_RUNPATH_SEARCH_PATHS = "$(inherited) @executable_path/Frameworks";
				PRODUCT_NAME = "$(TARGET_NAME)";
			};
			name = Debug;
		};
		D30FB1551ABE5D2000167B17 /* Release */ = {
			isa = XCBuildConfiguration;
			buildSettings = {
				ASSETCATALOG_COMPILER_APPICON_NAME = AppIcon;
				INFOPLIST_FILE = "Innovative Calculator/Info.plist";
				LD_RUNPATH_SEARCH_PATHS = "$(inherited) @executable_path/Frameworks";
				PRODUCT_NAME = "$(TARGET_NAME)";
			};
			name = Release;
		};
		D30FB1571ABE5D2000167B17 /* Debug */ = {
			isa = XCBuildConfiguration;
			buildSettings = {
				BUNDLE_LOADER = "$(TEST_HOST)";
				FRAMEWORK_SEARCH_PATHS = (
					"$(SDKROOT)/Developer/Library/Frameworks",
					"$(inherited)",
				);
				GCC_PREPROCESSOR_DEFINITIONS = (
					"DEBUG=1",
					"$(inherited)",
				);
				INFOPLIST_FILE = "Innovative CalculatorTests/Info.plist";
				LD_RUNPATH_SEARCH_PATHS = "$(inherited) @executable_path/Frameworks @loader_path/Frameworks";
				PRODUCT_NAME = "$(TARGET_NAME)";
				TEST_HOST = "$(BUILT_PRODUCTS_DIR)/Innovative Calculator.app/Innovative Calculator";
			};
			name = Debug;
		};
		D30FB1581ABE5D2000167B17 /* Release */ = {
			isa = XCBuildConfiguration;
			buildSettings = {
				BUNDLE_LOADER = "$(TEST_HOST)";
				FRAMEWORK_SEARCH_PATHS = (
					"$(SDKROOT)/Developer/Library/Frameworks",
					"$(inherited)",
				);
				INFOPLIST_FILE = "Innovative CalculatorTests/Info.plist";
				LD_RUNPATH_SEARCH_PATHS = "$(inherited) @executable_path/Frameworks @loader_path/Frameworks";
				PRODUCT_NAME = "$(TARGET_NAME)";
				TEST_HOST = "$(BUILT_PRODUCTS_DIR)/Innovative Calculator.app/Innovative Calculator";
			};
			name = Release;
		};
/* End XCBuildConfiguration section */

/* Begin XCConfigurationList section */
		D30FB12D1ABE5D2000167B17 /* Build configuration list for PBXProject "Innovative Calculator" */ = {
			isa = XCConfigurationList;
			buildConfigurations = (
				D30FB1511ABE5D2000167B17 /* Debug */,
				D30FB1521ABE5D2000167B17 /* Release */,
			);
			defaultConfigurationIsVisible = 0;
			defaultConfigurationName = Release;
		};
		D30FB1531ABE5D2000167B17 /* Build configuration list for PBXNativeTarget "Innovative Calculator" */ = {
			isa = XCConfigurationList;
			buildConfigurations = (
				D30FB1541ABE5D2000167B17 /* Debug */,
				D30FB1551ABE5D2000167B17 /* Release */,
			);
			defaultConfigurationIsVisible = 0;
		};
		D30FB1561ABE5D2000167B17 /* Build configuration list for PBXNativeTarget "Innovative CalculatorTests" */ = {
			isa = XCConfigurationList;
			buildConfigurations = (
				D30FB1571ABE5D2000167B17 /* Debug */,
				D30FB1581ABE5D2000167B17 /* Release */,
			);
			defaultConfigurationIsVisible = 0;
		};
/* End XCConfigurationList section */
	};
	rootObject = D30FB12A1ABE5D2000167B17 /* Project object */;
}
